
Microsoft Visual Studio Solution File, Format Version 12.00
# Visual Studio Version 16
VisualStudioVersion = 16.0.30717.126
MinimumVisualStudioVersion = 10.0.40219.1
Project("{9A19103F-16F7-4668-BE54-9A1E7A4F7556}") = "Day01", "Day01\Day01.csproj", "{86D406A6-CCF9-4070-8E79-D24476C21DBE}"
EndProject
Project("{9A19103F-16F7-4668-BE54-9A1E7A4F7556}") = "Day02", "Day02\Day02.csproj", "{305225E7-5D4F-4602-9DE2-7A6D15579268}"
EndProject
Project("{9A19103F-16F7-4668-BE54-9A1E7A4F7556}") = "Day03", "Day03\Day03.csproj", "{EF9F187E-C165-49A2-BC8E-2C9F8710ED32}"
EndProject
Project("{9A19103F-16F7-4668-BE54-9A1E7A4F7556}") = "Day04", "Day04\Day04.csproj", "{2AD74D93-AD43-435F-8971-5CED8FD553C2}"
EndProject
Project("{9A19103F-16F7-4668-BE54-9A1E7A4F7556}") = "Day05", "Day05\Day05.csproj", "{04AED489-302C-44B8-AE57-31D768DD35F6}"
EndProject
Project("{9A19103F-16F7-4668-BE54-9A1E7A4F7556}") = "Day06", "Day06\Day06.csproj", "{CFC2A389-CACF-4B29-BDE9-37C25A903040}"
EndProject
Project("{D954291E-2A0B-460D-934E-DC6B0785DB48}") = "Common", "Common\Common.shproj", "{D0DFDA8F-1FEF-4A35-B597-F7E1B1E17917}"
EndProject
Project("{9A19103F-16F7-4668-BE54-9A1E7A4F7556}") = "Day08", "Day08\Day08.csproj", "{92CE34B8-13BB-47D4-93D6-DFE3C7322DCB}"
EndProject
Project("{9A19103F-16F7-4668-BE54-9A1E7A4F7556}") = "Day09", "Day09\Day09.csproj", "{B35AED84-FFC8-4D09-B40A-E3F67968A106}"
EndProject
Project("{9A19103F-16F7-4668-BE54-9A1E7A4F7556}") = "Day07", "Day07\Day07.csproj", "{DB99CBF2-5790-4004-8870-5158A80A5E89}"
EndProject
Project("{9A19103F-16F7-4668-BE54-9A1E7A4F7556}") = "Day10", "Day10\Day10.csproj", "{C75E9C2F-718A-46B0-AF8E-44E005B3C5FE}"
EndProject
Project("{9A19103F-16F7-4668-BE54-9A1E7A4F7556}") = "Day11", "Day11\Day11.csproj", "{FF3F4FB4-6B4A-44D5-AD17-E5609B85A24B}"
EndProject
Project("{9A19103F-16F7-4668-BE54-9A1E7A4F7556}") = "Day12", "Day12\Day12.csproj", "{7BFE020E-C5E5-4EA9-8BA6-C3D3BA9A201A}"
EndProject
Project("{9A19103F-16F7-4668-BE54-9A1E7A4F7556}") = "Day13", "Day13\Day13.csproj", "{B0586824-43A1-4E47-AF98-50971DD8841D}"
EndProject
Project("{9A19103F-16F7-4668-BE54-9A1E7A4F7556}") = "Day14", "Day14\Day14.csproj", "{A717326F-3521-453D-BA2F-118A3B59A025}"
EndProject
Project("{9A19103F-16F7-4668-BE54-9A1E7A4F7556}") = "Day15", "Day15\Day15.csproj", "{B8590E06-EAC8-49F4-A711-1632162FA6BB}"
EndProject
Project("{9A19103F-16F7-4668-BE54-9A1E7A4F7556}") = "Day16", "Day16\Day16.csproj", "{41174ECC-40FE-46E2-A52D-F1AB4717466B}"
EndProject
Project("{9A19103F-16F7-4668-BE54-9A1E7A4F7556}") = "Day17", "Day17\Day17.csproj", "{17C97386-BE33-4070-A587-8E2A64D2DB2A}"
EndProject
Project("{9A19103F-16F7-4668-BE54-9A1E7A4F7556}") = "Day18", "Day18\Day18.csproj", "{27A68E81-FD8B-497C-8EBA-78A2D8C44AC2}"
EndProject
Project("{9A19103F-16F7-4668-BE54-9A1E7A4F7556}") = "Day19", "Day19\Day19.csproj", "{8DD1B20E-D2D5-4065-AEEA-8054121BDB8C}"
EndProject
Project("{FAE04EC0-301F-11D3-BF4B-00C04F79EFBC}") = "Day20", "Day20\Day20.csproj", "{D38D895E-1AF4-4954-B8B5-DF9745451E3B}"
EndProject
Global
	GlobalSection(SharedMSBuildProjectFiles) = preSolution
		Common\Common.projitems*{17c97386-be33-4070-a587-8e2a64d2db2a}*SharedItemsImports = 5
		Common\Common.projitems*{27a68e81-fd8b-497c-8eba-78a2d8c44ac2}*SharedItemsImports = 5
		Common\Common.projitems*{2ad74d93-ad43-435f-8971-5ced8fd553c2}*SharedItemsImports = 5
		Common\Common.projitems*{41174ecc-40fe-46e2-a52d-f1ab4717466b}*SharedItemsImports = 5
		Common\Common.projitems*{8dd1b20e-d2d5-4065-aeea-8054121bdb8c}*SharedItemsImports = 5
		Common\Common.projitems*{a717326f-3521-453d-ba2f-118a3b59a025}*SharedItemsImports = 5
		Common\Common.projitems*{b0586824-43a1-4e47-af98-50971dd8841d}*SharedItemsImports = 5
		Common\Common.projitems*{c75e9c2f-718a-46b0-af8e-44e005b3c5fe}*SharedItemsImports = 5
		Common\Common.projitems*{cfc2a389-cacf-4b29-bde9-37c25a903040}*SharedItemsImports = 5
		Common\Common.projitems*{d0dfda8f-1fef-4a35-b597-f7e1b1e17917}*SharedItemsImports = 13
		Common\Common.projitems*{d38d895e-1af4-4954-b8b5-df9745451e3b}*SharedItemsImports = 5
		Common\Common.projitems*{db99cbf2-5790-4004-8870-5158a80a5e89}*SharedItemsImports = 5
		Common\Common.projitems*{ef9f187e-c165-49a2-bc8e-2c9f8710ed32}*SharedItemsImports = 5
		Common\Common.projitems*{ff3f4fb4-6b4a-44d5-ad17-e5609b85a24b}*SharedItemsImports = 5
	EndGlobalSection
	GlobalSection(SolutionConfigurationPlatforms) = preSolution
		Debug|Any CPU = Debug|Any CPU
		Release|Any CPU = Release|Any CPU
	EndGlobalSection
	GlobalSection(ProjectConfigurationPlatforms) = postSolution
		{86D406A6-CCF9-4070-8E79-D24476C21DBE}.Debug|Any CPU.ActiveCfg = Debug|Any CPU
		{86D406A6-CCF9-4070-8E79-D24476C21DBE}.Debug|Any CPU.Build.0 = Debug|Any CPU
		{86D406A6-CCF9-4070-8E79-D24476C21DBE}.Release|Any CPU.ActiveCfg = Release|Any CPU
		{86D406A6-CCF9-4070-8E79-D24476C21DBE}.Release|Any CPU.Build.0 = Release|Any CPU
		{305225E7-5D4F-4602-9DE2-7A6D15579268}.Debug|Any CPU.ActiveCfg = Debug|Any CPU
		{305225E7-5D4F-4602-9DE2-7A6D15579268}.Debug|Any CPU.Build.0 = Debug|Any CPU
		{305225E7-5D4F-4602-9DE2-7A6D15579268}.Release|Any CPU.ActiveCfg = Release|Any CPU
		{305225E7-5D4F-4602-9DE2-7A6D15579268}.Release|Any CPU.Build.0 = Release|Any CPU
		{EF9F187E-C165-49A2-BC8E-2C9F8710ED32}.Debug|Any CPU.ActiveCfg = Debug|Any CPU
		{EF9F187E-C165-49A2-BC8E-2C9F8710ED32}.Debug|Any CPU.Build.0 = Debug|Any CPU
		{EF9F187E-C165-49A2-BC8E-2C9F8710ED32}.Release|Any CPU.ActiveCfg = Release|Any CPU
		{EF9F187E-C165-49A2-BC8E-2C9F8710ED32}.Release|Any CPU.Build.0 = Release|Any CPU
		{2AD74D93-AD43-435F-8971-5CED8FD553C2}.Debug|Any CPU.ActiveCfg = Debug|Any CPU
		{2AD74D93-AD43-435F-8971-5CED8FD553C2}.Debug|Any CPU.Build.0 = Debug|Any CPU
		{2AD74D93-AD43-435F-8971-5CED8FD553C2}.Release|Any CPU.ActiveCfg = Release|Any CPU
		{2AD74D93-AD43-435F-8971-5CED8FD553C2}.Release|Any CPU.Build.0 = Release|Any CPU
		{04AED489-302C-44B8-AE57-31D768DD35F6}.Debug|Any CPU.ActiveCfg = Debug|Any CPU
		{04AED489-302C-44B8-AE57-31D768DD35F6}.Debug|Any CPU.Build.0 = Debug|Any CPU
		{04AED489-302C-44B8-AE57-31D768DD35F6}.Release|Any CPU.ActiveCfg = Release|Any CPU
		{04AED489-302C-44B8-AE57-31D768DD35F6}.Release|Any CPU.Build.0 = Release|Any CPU
		{CFC2A389-CACF-4B29-BDE9-37C25A903040}.Debug|Any CPU.ActiveCfg = Debug|Any CPU
		{CFC2A389-CACF-4B29-BDE9-37C25A903040}.Debug|Any CPU.Build.0 = Debug|Any CPU
		{CFC2A389-CACF-4B29-BDE9-37C25A903040}.Release|Any CPU.ActiveCfg = Release|Any CPU
		{CFC2A389-CACF-4B29-BDE9-37C25A903040}.Release|Any CPU.Build.0 = Release|Any CPU
		{92CE34B8-13BB-47D4-93D6-DFE3C7322DCB}.Debug|Any CPU.ActiveCfg = Debug|Any CPU
		{92CE34B8-13BB-47D4-93D6-DFE3C7322DCB}.Debug|Any CPU.Build.0 = Debug|Any CPU
		{92CE34B8-13BB-47D4-93D6-DFE3C7322DCB}.Release|Any CPU.ActiveCfg = Release|Any CPU
		{92CE34B8-13BB-47D4-93D6-DFE3C7322DCB}.Release|Any CPU.Build.0 = Release|Any CPU
		{B35AED84-FFC8-4D09-B40A-E3F67968A106}.Debug|Any CPU.ActiveCfg = Debug|Any CPU
		{B35AED84-FFC8-4D09-B40A-E3F67968A106}.Debug|Any CPU.Build.0 = Debug|Any CPU
		{B35AED84-FFC8-4D09-B40A-E3F67968A106}.Release|Any CPU.ActiveCfg = Release|Any CPU
		{B35AED84-FFC8-4D09-B40A-E3F67968A106}.Release|Any CPU.Build.0 = Release|Any CPU
		{DB99CBF2-5790-4004-8870-5158A80A5E89}.Debug|Any CPU.ActiveCfg = Debug|Any CPU
		{DB99CBF2-5790-4004-8870-5158A80A5E89}.Debug|Any CPU.Build.0 = Debug|Any CPU
		{DB99CBF2-5790-4004-8870-5158A80A5E89}.Release|Any CPU.ActiveCfg = Release|Any CPU
		{DB99CBF2-5790-4004-8870-5158A80A5E89}.Release|Any CPU.Build.0 = Release|Any CPU
		{C75E9C2F-718A-46B0-AF8E-44E005B3C5FE}.Debug|Any CPU.ActiveCfg = Debug|Any CPU
		{C75E9C2F-718A-46B0-AF8E-44E005B3C5FE}.Debug|Any CPU.Build.0 = Debug|Any CPU
		{C75E9C2F-718A-46B0-AF8E-44E005B3C5FE}.Release|Any CPU.ActiveCfg = Release|Any CPU
		{C75E9C2F-718A-46B0-AF8E-44E005B3C5FE}.Release|Any CPU.Build.0 = Release|Any CPU
		{FF3F4FB4-6B4A-44D5-AD17-E5609B85A24B}.Debug|Any CPU.ActiveCfg = Debug|Any CPU
		{FF3F4FB4-6B4A-44D5-AD17-E5609B85A24B}.Debug|Any CPU.Build.0 = Debug|Any CPU
		{FF3F4FB4-6B4A-44D5-AD17-E5609B85A24B}.Release|Any CPU.ActiveCfg = Release|Any CPU
		{FF3F4FB4-6B4A-44D5-AD17-E5609B85A24B}.Release|Any CPU.Build.0 = Release|Any CPU
		{7BFE020E-C5E5-4EA9-8BA6-C3D3BA9A201A}.Debug|Any CPU.ActiveCfg = Debug|Any CPU
		{7BFE020E-C5E5-4EA9-8BA6-C3D3BA9A201A}.Debug|Any CPU.Build.0 = Debug|Any CPU
		{7BFE020E-C5E5-4EA9-8BA6-C3D3BA9A201A}.Release|Any CPU.ActiveCfg = Release|Any CPU
		{7BFE020E-C5E5-4EA9-8BA6-C3D3BA9A201A}.Release|Any CPU.Build.0 = Release|Any CPU
		{B0586824-43A1-4E47-AF98-50971DD8841D}.Debug|Any CPU.ActiveCfg = Debug|Any CPU
		{B0586824-43A1-4E47-AF98-50971DD8841D}.Debug|Any CPU.Build.0 = Debug|Any CPU
		{B0586824-43A1-4E47-AF98-50971DD8841D}.Release|Any CPU.ActiveCfg = Release|Any CPU
		{B0586824-43A1-4E47-AF98-50971DD8841D}.Release|Any CPU.Build.0 = Release|Any CPU
		{A717326F-3521-453D-BA2F-118A3B59A025}.Debug|Any CPU.ActiveCfg = Debug|Any CPU
		{A717326F-3521-453D-BA2F-118A3B59A025}.Debug|Any CPU.Build.0 = Debug|Any CPU
		{A717326F-3521-453D-BA2F-118A3B59A025}.Release|Any CPU.ActiveCfg = Release|Any CPU
		{A717326F-3521-453D-BA2F-118A3B59A025}.Release|Any CPU.Build.0 = Release|Any CPU
		{B8590E06-EAC8-49F4-A711-1632162FA6BB}.Debug|Any CPU.ActiveCfg = Debug|Any CPU
		{B8590E06-EAC8-49F4-A711-1632162FA6BB}.Debug|Any CPU.Build.0 = Debug|Any CPU
		{B8590E06-EAC8-49F4-A711-1632162FA6BB}.Release|Any CPU.ActiveCfg = Release|Any CPU
		{B8590E06-EAC8-49F4-A711-1632162FA6BB}.Release|Any CPU.Build.0 = Release|Any CPU
		{41174ECC-40FE-46E2-A52D-F1AB4717466B}.Debug|Any CPU.ActiveCfg = Debug|Any CPU
		{41174ECC-40FE-46E2-A52D-F1AB4717466B}.Debug|Any CPU.Build.0 = Debug|Any CPU
		{41174ECC-40FE-46E2-A52D-F1AB4717466B}.Release|Any CPU.ActiveCfg = Release|Any CPU
		{41174ECC-40FE-46E2-A52D-F1AB4717466B}.Release|Any CPU.Build.0 = Release|Any CPU
		{17C97386-BE33-4070-A587-8E2A64D2DB2A}.Debug|Any CPU.ActiveCfg = Debug|Any CPU
		{17C97386-BE33-4070-A587-8E2A64D2DB2A}.Debug|Any CPU.Build.0 = Debug|Any CPU
		{17C97386-BE33-4070-A587-8E2A64D2DB2A}.Release|Any CPU.ActiveCfg = Release|Any CPU
		{17C97386-BE33-4070-A587-8E2A64D2DB2A}.Release|Any CPU.Build.0 = Release|Any CPU
		{27A68E81-FD8B-497C-8EBA-78A2D8C44AC2}.Debug|Any CPU.ActiveCfg = Debug|Any CPU
		{27A68E81-FD8B-497C-8EBA-78A2D8C44AC2}.Debug|Any CPU.Build.0 = Debug|Any CPU
		{27A68E81-FD8B-497C-8EBA-78A2D8C44AC2}.Release|Any CPU.ActiveCfg = Release|Any CPU
		{27A68E81-FD8B-497C-8EBA-78A2D8C44AC2}.Release|Any CPU.Build.0 = Release|Any CPU
		{8DD1B20E-D2D5-4065-AEEA-8054121BDB8C}.Debug|Any CPU.ActiveCfg = Debug|Any CPU
		{8DD1B20E-D2D5-4065-AEEA-8054121BDB8C}.Debug|Any CPU.Build.0 = Debug|Any CPU
		{8DD1B20E-D2D5-4065-AEEA-8054121BDB8C}.Release|Any CPU.ActiveCfg = Release|Any CPU
		{8DD1B20E-D2D5-4065-AEEA-8054121BDB8C}.Release|Any CPU.Build.0 = Release|Any CPU
		{D38D895E-1AF4-4954-B8B5-DF9745451E3B}.Debug|Any CPU.ActiveCfg = Debug|Any CPU
		{D38D895E-1AF4-4954-B8B5-DF9745451E3B}.Debug|Any CPU.Build.0 = Debug|Any CPU
		{D38D895E-1AF4-4954-B8B5-DF9745451E3B}.Release|Any CPU.ActiveCfg = Release|Any CPU
		{D38D895E-1AF4-4954-B8B5-DF9745451E3B}.Release|Any CPU.Build.0 = Release|Any CPU
	EndGlobalSection
	GlobalSection(SolutionProperties) = preSolution
		HideSolutionNode = FALSE
	EndGlobalSection
	GlobalSection(ExtensibilityGlobals) = postSolution
		SolutionGuid = {878DEF79-5EA3-414F-B2AB-DDC6176F3B6B}
	EndGlobalSection
EndGlobal
