
Microsoft Visual Studio Solution File, Format Version 12.00
# Visual Studio Version 16
VisualStudioVersion = 16.0.30717.126
MinimumVisualStudioVersion = 10.0.40219.1
Project("{9A19103F-16F7-4668-BE54-9A1E7A4F7556}") = "Day01", "Day01\Day01.csproj", "{86D406A6-CCF9-4070-8E79-D24476C21DBE}"
EndProject
Project("{9A19103F-16F7-4668-BE54-9A1E7A4F7556}") = "Day02", "Day02\Day02.csproj", "{305225E7-5D4F-4602-9DE2-7A6D15579268}"
EndProject
Project("{9A19103F-16F7-4668-BE54-9A1E7A4F7556}") = "Day03", "Day03\Day03.csproj", "{EF9F187E-C165-49A2-BC8E-2C9F8710ED32}"
EndProject
Project("{9A19103F-16F7-4668-BE54-9A1E7A4F7556}") = "Day04", "Day04\Day04.csproj", "{2AD74D93-AD43-435F-8971-5CED8FD553C2}"
EndProject
Project("{9A19103F-16F7-4668-BE54-9A1E7A4F7556}") = "Day05", "Day05\Day05.csproj", "{04AED489-302C-44B8-AE57-31D768DD35F6}"
EndProject
Project("{FAE04EC0-301F-11D3-BF4B-00C04F79EFBC}") = "Day06", "Day06\Day06.csproj", "{CFC2A389-CACF-4B29-BDE9-37C25A903040}"
EndProject
Project("{D954291E-2A0B-460D-934E-DC6B0785DB48}") = "Common", "Common\Common.shproj", "{D0DFDA8F-1FEF-4A35-B597-F7E1B1E17917}"
EndProject
Global
	GlobalSection(SharedMSBuildProjectFiles) = preSolution
		Common\Common.projitems*{cfc2a389-cacf-4b29-bde9-37c25a903040}*SharedItemsImports = 5
		Common\Common.projitems*{d0dfda8f-1fef-4a35-b597-f7e1b1e17917}*SharedItemsImports = 13
		Common\Common.projitems*{ef9f187e-c165-49a2-bc8e-2c9f8710ed32}*SharedItemsImports = 5
	EndGlobalSection
	GlobalSection(SolutionConfigurationPlatforms) = preSolution
		Debug|Any CPU = Debug|Any CPU
		Release|Any CPU = Release|Any CPU
	EndGlobalSection
	GlobalSection(ProjectConfigurationPlatforms) = postSolution
		{86D406A6-CCF9-4070-8E79-D24476C21DBE}.Debug|Any CPU.ActiveCfg = Debug|Any CPU
		{86D406A6-CCF9-4070-8E79-D24476C21DBE}.Debug|Any CPU.Build.0 = Debug|Any CPU
		{86D406A6-CCF9-4070-8E79-D24476C21DBE}.Release|Any CPU.ActiveCfg = Release|Any CPU
		{86D406A6-CCF9-4070-8E79-D24476C21DBE}.Release|Any CPU.Build.0 = Release|Any CPU
		{305225E7-5D4F-4602-9DE2-7A6D15579268}.Debug|Any CPU.ActiveCfg = Debug|Any CPU
		{305225E7-5D4F-4602-9DE2-7A6D15579268}.Debug|Any CPU.Build.0 = Debug|Any CPU
		{305225E7-5D4F-4602-9DE2-7A6D15579268}.Release|Any CPU.ActiveCfg = Release|Any CPU
		{305225E7-5D4F-4602-9DE2-7A6D15579268}.Release|Any CPU.Build.0 = Release|Any CPU
		{EF9F187E-C165-49A2-BC8E-2C9F8710ED32}.Debug|Any CPU.ActiveCfg = Debug|Any CPU
		{EF9F187E-C165-49A2-BC8E-2C9F8710ED32}.Debug|Any CPU.Build.0 = Debug|Any CPU
		{EF9F187E-C165-49A2-BC8E-2C9F8710ED32}.Release|Any CPU.ActiveCfg = Release|Any CPU
		{EF9F187E-C165-49A2-BC8E-2C9F8710ED32}.Release|Any CPU.Build.0 = Release|Any CPU
		{2AD74D93-AD43-435F-8971-5CED8FD553C2}.Debug|Any CPU.ActiveCfg = Debug|Any CPU
		{2AD74D93-AD43-435F-8971-5CED8FD553C2}.Debug|Any CPU.Build.0 = Debug|Any CPU
		{2AD74D93-AD43-435F-8971-5CED8FD553C2}.Release|Any CPU.ActiveCfg = Release|Any CPU
		{2AD74D93-AD43-435F-8971-5CED8FD553C2}.Release|Any CPU.Build.0 = Release|Any CPU
		{04AED489-302C-44B8-AE57-31D768DD35F6}.Debug|Any CPU.ActiveCfg = Debug|Any CPU
		{04AED489-302C-44B8-AE57-31D768DD35F6}.Debug|Any CPU.Build.0 = Debug|Any CPU
		{04AED489-302C-44B8-AE57-31D768DD35F6}.Release|Any CPU.ActiveCfg = Release|Any CPU
		{04AED489-302C-44B8-AE57-31D768DD35F6}.Release|Any CPU.Build.0 = Release|Any CPU
		{CFC2A389-CACF-4B29-BDE9-37C25A903040}.Debug|Any CPU.ActiveCfg = Debug|Any CPU
		{CFC2A389-CACF-4B29-BDE9-37C25A903040}.Debug|Any CPU.Build.0 = Debug|Any CPU
		{CFC2A389-CACF-4B29-BDE9-37C25A903040}.Release|Any CPU.ActiveCfg = Release|Any CPU
		{CFC2A389-CACF-4B29-BDE9-37C25A903040}.Release|Any CPU.Build.0 = Release|Any CPU
	EndGlobalSection
	GlobalSection(SolutionProperties) = preSolution
		HideSolutionNode = FALSE
	EndGlobalSection
	GlobalSection(ExtensibilityGlobals) = postSolution
		SolutionGuid = {878DEF79-5EA3-414F-B2AB-DDC6176F3B6B}
	EndGlobalSection
EndGlobal
